// !$*UTF8*$!
{
	archiveVersion = 1;
	classes = {
	};
	objectVersion = 46;
	objects = {

/* Begin PBXBuildFile section */
		F565C88D1D9278EA00778CBA /* AppDelegate.swift in Sources */ = {isa = PBXBuildFile; fileRef = F565C88C1D9278EA00778CBA /* AppDelegate.swift */; };
		F565C88F1D9278EA00778CBA /* ViewController.swift in Sources */ = {isa = PBXBuildFile; fileRef = F565C88E1D9278EA00778CBA /* ViewController.swift */; };
		F565C8921D9278EA00778CBA /* Main.storyboard in Resources */ = {isa = PBXBuildFile; fileRef = F565C8901D9278EA00778CBA /* Main.storyboard */; };
		F565C8941D9278EA00778CBA /* Assets.xcassets in Resources */ = {isa = PBXBuildFile; fileRef = F565C8931D9278EA00778CBA /* Assets.xcassets */; };
		F565C8971D9278EA00778CBA /* LaunchScreen.storyboard in Resources */ = {isa = PBXBuildFile; fileRef = F565C8951D9278EA00778CBA /* LaunchScreen.storyboard */; };
/* End PBXBuildFile section */

/* Begin PBXFileReference section */
		F565C8891D9278EA00778CBA /* AlertView.app */ = {isa = PBXFileReference; explicitFileType = wrapper.application; includeInIndex = 0; path = AlertView.app; sourceTree = BUILT_PRODUCTS_DIR; };
		F565C88C1D9278EA00778CBA /* AppDelegate.swift */ = {isa = PBXFileReference; lastKnownFileType = sourcecode.swift; path = AppDelegate.swift; sourceTree = "<group>"; };
		F565C88E1D9278EA00778CBA /* ViewController.swift */ = {isa = PBXFileReference; lastKnownFileType = sourcecode.swift; path = ViewController.swift; sourceTree = "<group>"; };
		F565C8911D9278EA00778CBA /* Base */ = {isa = PBXFileReference; lastKnownFileType = file.storyboard; name = Base; path = Base.lproj/Main.storyboard; sourceTree = "<group>"; };
		F565C8931D9278EA00778CBA /* Assets.xcassets */ = {isa = PBXFileReference; lastKnownFileType = folder.assetcatalog; path = Assets.xcassets; sourceTree = "<group>"; };
		F565C8961D9278EA00778CBA /* Base */ = {isa = PBXFileReference; lastKnownFileType = file.storyboard; name = Base; path = Base.lproj/LaunchScreen.storyboard; sourceTree = "<group>"; };
		F565C8981D9278EA00778CBA /* Info.plist */ = {isa = PBXFileReference; lastKnownFileType = text.plist.xml; path = Info.plist; sourceTree = "<group>"; };
/* End PBXFileReference section */

/* Begin PBXFrameworksBuildPhase section */
		F565C8861D9278EA00778CBA /* Frameworks */ = {
			isa = PBXFrameworksBuildPhase;
			buildActionMask = 2147483647;
			files = (
			);
			runOnlyForDeploymentPostprocessing = 0;
		};
/* End PBXFrameworksBuildPhase section */

/* Begin PBXGroup section */
		F565C8801D9278EA00778CBA = {
			isa = PBXGroup;
			children = (
				F565C88B1D9278EA00778CBA /* AlertView */,
				F565C88A1D9278EA00778CBA /* Products */,
			);
			sourceTree = "<group>";
		};
		F565C88A1D9278EA00778CBA /* Products */ = {
			isa = PBXGroup;
			children = (
				F565C8891D9278EA00778CBA /* AlertView.app */,
			);
			name = Products;
			sourceTree = "<group>";
		};
		F565C88B1D9278EA00778CBA /* AlertView */ = {
			isa = PBXGroup;
			children = (
				F565C88C1D9278EA00778CBA /* AppDelegate.swift */,
				F565C88E1D9278EA00778CBA /* ViewController.swift */,
				F565C8901D9278EA00778CBA /* Main.storyboard */,
				F565C8931D9278EA00778CBA /* Assets.xcassets */,
				F565C8951D9278EA00778CBA /* LaunchScreen.storyboard */,
				F565C8981D9278EA00778CBA /* Info.plist */,
			);
			path = AlertView;
			sourceTree = "<group>";
		};
/* End PBXGroup section */

/* Begin PBXNativeTarget section */
		F565C8881D9278EA00778CBA /* AlertView */ = {
			isa = PBXNativeTarget;
			buildConfigurationList = F565C89B1D9278EA00778CBA /* Build configuration list for PBXNativeTarget "AlertView" */;
			buildPhases = (
				F565C8851D9278EA00778CBA /* Sources */,
				F565C8861D9278EA00778CBA /* Frameworks */,
				F565C8871D9278EA00778CBA /* Resources */,
			);
			buildRules = (
			);
			dependencies = (
			);
			name = AlertView;
			productName = AlertView;
			productReference = F565C8891D9278EA00778CBA /* AlertView.app */;
			productType = "com.apple.product-type.application";
		};
/* End PBXNativeTarget section */

/* Begin PBXProject section */
		F565C8811D9278EA00778CBA /* Project object */ = {
			isa = PBXProject;
			attributes = {
				LastSwiftUpdateCheck = 0800;
				LastUpgradeCheck = 0800;
				ORGANIZATIONNAME = "Hoàng Minh Thành";
				TargetAttributes = {
					F565C8881D9278EA00778CBA = {
						CreatedOnToolsVersion = 8.0;
						ProvisioningStyle = Automatic;
					};
				};
			};
			buildConfigurationList = F565C8841D9278EA00778CBA /* Build configuration list for PBXProject "AlertView" */;
			compatibilityVersion = "Xcode 3.2";
			developmentRegion = English;
			hasScannedForEncodings = 0;
			knownRegions = (
				en,
				Base,
			);
			mainGroup = F565C8801D9278EA00778CBA;
			productRefGroup = F565C88A1D9278EA00778CBA /* Products */;
			projectDirPath = "";
			projectRoot = "";
			targets = (
				F565C8881D9278EA00778CBA /* AlertView */,
			);
		};
/* End PBXProject section */

/* Begin PBXResourcesBuildPhase section */
		F565C8871D9278EA00778CBA /* Resources */ = {
			isa = PBXResourcesBuildPhase;
			buildActionMask = 2147483647;
			files = (
				F565C8971D9278EA00778CBA /* LaunchScreen.storyboard in Resources */,
				F565C8941D9278EA00778CBA /* Assets.xcassets in Resources */,
				F565C8921D9278EA00778CBA /* Main.storyboard in Resources */,
			);
			runOnlyForDeploymentPostprocessing = 0;
		};
/* End PBXResourcesBuildPhase section */

/* Begin PBXSourcesBuildPhase section */
		F565C8851D9278EA00778CBA /* Sources */ = {
			isa = PBXSourcesBuildPhase;
			buildActionMask = 2147483647;
			files = (
				F565C88F1D9278EA00778CBA /* ViewController.swift in Sources */,
				F565C88D1D9278EA00778CBA /* AppDelegate.swift in Sources */,
			);
			runOnlyForDeploymentPostprocessing = 0;
		};
/* End PBXSourcesBuildPhase section */

/* Begin PBXVariantGroup section */
		F565C8901D9278EA00778CBA /* Main.storyboard */ = {
			isa = PBXVariantGroup;
			children = (
				F565C8911D9278EA00778CBA /* Base */,
			);
			name = Main.storyboard;
			sourceTree = "<group>";
		};
		F565C8951D9278EA00778CBA /* LaunchScreen.storyboard */ = {
			isa = PBXVariantGroup;
			children = (
				F565C8961D9278EA00778CBA /* Base */,
			);
			name = LaunchScreen.storyboard;
			sourceTree = "<group>";
		};
/* End PBXVariantGroup section */

/* Begin XCBuildConfiguration section */
		F565C8991D9278EA00778CBA /* Debug */ = {
			isa = XCBuildConfiguration;
			buildSettings = {
				ALWAYS_SEARCH_USER_PATHS = NO;
				CLANG_ANALYZER_NONNULL = YES;
				CLANG_CXX_LANGUAGE_STANDARD = "gnu++0x";
				CLANG_CXX_LIBRARY = "libc++";
				CLANG_ENABLE_MODULES = YES;
				CLANG_ENABLE_OBJC_ARC = YES;
				CLANG_WARN_BOOL_CONVERSION = YES;
				CLANG_WARN_CONSTANT_CONVERSION = YES;
				CLANG_WARN_DIRECT_OBJC_ISA_USAGE = YES_ERROR;
				CLANG_WARN_DOCUMENTATION_COMMENTS = YES;
				CLANG_WARN_EMPTY_BODY = YES;
				CLANG_WARN_ENUM_CONVERSION = YES;
				CLANG_WARN_INFINITE_RECURSION = YES;
				CLANG_WARN_INT_CONVERSION = YES;
				CLANG_WARN_OBJC_ROOT_CLASS = YES_ERROR;
				CLANG_WARN_SUSPICIOUS_MOVES = YES;
				CLANG_WARN_UNREACHABLE_CODE = YES;
				CLANG_WARN__DUPLICATE_METHOD_MATCH = YES;
				"CODE_SIGN_IDENTITY[sdk=iphoneos*]" = "iPhone Developer";
				COPY_PHASE_STRIP = NO;
				DEBUG_INFORMATION_FORMAT = dwarf;
				ENABLE_STRICT_OBJC_MSGSEND = YES;
				ENABLE_TESTABILITY = YES;
				GCC_C_LANGUAGE_STANDARD = gnu99;
				GCC_DYNAMIC_NO_PIC = NO;
				GCC_NO_COMMON_BLOCKS = YES;
				GCC_OPTIMIZATION_LEVEL = 0;
				GCC_PREPROCESSOR_DEFINITIONS = (
					"DEBUG=1",
					"$(inherited)",
				);
				GCC_WARN_64_TO_32_BIT_CONVERSION = YES;
				GCC_WARN_ABOUT_RETURN_TYPE = YES_ERROR;
				GCC_WARN_UNDECLARED_SELECTOR = YES;
				GCC_WARN_UNINITIALIZED_AUTOS = YES_AGGRESSIVE;
				GCC_WARN_UNUSED_FUNCTION = YES;
				GCC_WARN_UNUSED_VARIABLE = YES;
				IPHONEOS_DEPLOYMENT_TARGET = 10.0;
				MTL_ENABLE_DEBUG_INFO = YES;
				ONLY_ACTIVE_ARCH = YES;
				SDKROOT = iphoneos;
				SWIFT_ACTIVE_COMPILATION_CONDITIONS = DEBUG;
				SWIFT_OPTIMIZATION_LEVEL = "-Onone";
				TARGETED_DEVICE_FAMILY = "1,2";
			};
			name = Debug;
		};
		F565C89A1D9278EA00778CBA /* Release */ = {
			isa = XCBuildConfiguration;
			buildSettings = {
				ALWAYS_SEARCH_USER_PATHS = NO;
				CLANG_ANALYZER_NONNULL = YES;
				CLANG_CXX_LANGUAGE_STANDARD = "gnu++0x";
				CLANG_CXX_LIBRARY = "libc++";
				CLANG_ENABLE_MODULES = YES;
				CLANG_ENABLE_OBJC_ARC = YES;
				CLANG_WARN_BOOL_CONVERSION = YES;
				CLANG_WARN_CONSTANT_CONVERSION = YES;
				CLANG_WARN_DIRECT_OBJC_ISA_USAGE = YES_ERROR;
				CLANG_WARN_DOCUMENTATION_COMMENTS = YES;
				CLANG_WARN_EMPTY_BODY = YES;
				CLANG_WARN_ENUM_CONVERSION = YES;
				CLANG_WARN_INFINITE_RECURSION = YES;
				CLANG_WARN_INT_CONVERSION = YES;
				CLANG_WARN_OBJC_ROOT_CLASS = YES_ERROR;
				CLANG_WARN_SUSPICIOUS_MOVES = YES;
				CLANG_WARN_UNREACHABLE_CODE = YES;
				CLANG_WARN__DUPLICATE_METHOD_MATCH = YES;
				"CODE_SIGN_IDENTITY[sdk=iphoneos*]" = "iPhone Developer";
				COPY_PHASE_STRIP = NO;
				DEBUG_INFORMATION_FORMAT = "dwarf-with-dsym";
				ENABLE_NS_ASSERTIONS = NO;
				ENABLE_STRICT_OBJC_MSGSEND = YES;
				GCC_C_LANGUAGE_STANDARD = gnu99;
				GCC_NO_COMMON_BLOCKS = YES;
				GCC_WARN_64_TO_32_BIT_CONVERSION = YES;
				GCC_WARN_ABOUT_RETURN_TYPE = YES_ERROR;
				GCC_WARN_UNDECLARED_SELECTOR = YES;
				GCC_WARN_UNINITIALIZED_AUTOS = YES_AGGRESSIVE;
				GCC_WARN_UNUSED_FUNCTION = YES;
				GCC_WARN_UNUSED_VARIABLE = YES;
				IPHONEOS_DEPLOYMENT_TARGET = 10.0;
				MTL_ENABLE_DEBUG_INFO = NO;
				SDKROOT = iphoneos;
				SWIFT_OPTIMIZATION_LEVEL = "-Owholemodule";
				TARGETED_DEVICE_FAMILY = "1,2";
				VALIDATE_PRODUCT = YES;
			};
			name = Release;
		};
		F565C89C1D9278EA00778CBA /* Debug */ = {
			isa = XCBuildConfiguration;
			buildSettings = {
				ASSETCATALOG_COMPILER_APPICON_NAME = AppIcon;
				INFOPLIST_FILE = AlertView/Info.plist;
				LD_RUNPATH_SEARCH_PATHS = "$(inherited) @executable_path/Frameworks";
				PRODUCT_BUNDLE_IDENTIFIER = hoangminhthanh.AlertView;
				PRODUCT_NAME = "$(TARGET_NAME)";
				SWIFT_VERSION = 3.0;
			};
			name = Debug;
		};
		F565C89D1D9278EA00778CBA /* Release */ = {
			isa = XCBuildConfiguration;
			buildSettings = {
				ASSETCATALOG_COMPILER_APPICON_NAME = AppIcon;
				INFOPLIST_FILE = AlertView/Info.plist;
				LD_RUNPATH_SEARCH_PATHS = "$(inherited) @executable_path/Frameworks";
				PRODUCT_BUNDLE_IDENTIFIER = hoangminhthanh.AlertView;
				PRODUCT_NAME = "$(TARGET_NAME)";
				SWIFT_VERSION = 3.0;
			};
			name = Release;
		};
/* End XCBuildConfiguration section */

/* Begin XCConfigurationList section */
		F565C8841D9278EA00778CBA /* Build configuration list for PBXProject "AlertView" */ = {
			isa = XCConfigurationList;
			buildConfigurations = (
				F565C8991D9278EA00778CBA /* Debug */,
				F565C89A1D9278EA00778CBA /* Release */,
			);
			defaultConfigurationIsVisible = 0;
			defaultConfigurationName = Release;
		};
		F565C89B1D9278EA00778CBA /* Build configuration list for PBXNativeTarget "AlertView" */ = {
			isa = XCConfigurationList;
			buildConfigurations = (
				F565C89C1D9278EA00778CBA /* Debug */,
				F565C89D1D9278EA00778CBA /* Release */,
			);
			defaultConfigurationIsVisible = 0;
		};
/* End XCConfigurationList section */
	};
	rootObject = F565C8811D9278EA00778CBA /* Project object */;
}
